
Microsoft Visual Studio Solution File, Format Version 12.00
# Visual Studio 15
VisualStudioVersion = 15.0.28307.779
MinimumVisualStudioVersion = 10.0.40219.1
Project("{FAE04EC0-301F-11D3-BF4B-00C04F79EFBC}") = "NASA.Android", "NASA\NASA.Android\NASA.Android.csproj", "{FB7F0C79-1905-4240-8EDB-C4B4D9C35F52}"
EndProject
Project("{9A19103F-16F7-4668-BE54-9A1E7A4F7556}") = "NASA", "NASA\NASA\NASA.csproj", "{71C87439-618C-42D4-BB23-22905B54D47E}"
EndProject
Global
	GlobalSection(SolutionConfigurationPlatforms) = preSolution
		Debug|Any CPU = Debug|Any CPU
		Release|Any CPU = Release|Any CPU
	EndGlobalSection
	GlobalSection(ProjectConfigurationPlatforms) = postSolution
		{FB7F0C79-1905-4240-8EDB-C4B4D9C35F52}.Debug|Any CPU.ActiveCfg = Debug|Any CPU
		{FB7F0C79-1905-4240-8EDB-C4B4D9C35F52}.Debug|Any CPU.Build.0 = Debug|Any CPU
		{FB7F0C79-1905-4240-8EDB-C4B4D9C35F52}.Debug|Any CPU.Deploy.0 = Debug|Any CPU
		{FB7F0C79-1905-4240-8EDB-C4B4D9C35F52}.Release|Any CPU.ActiveCfg = Release|Any CPU
		{FB7F0C79-1905-4240-8EDB-C4B4D9C35F52}.Release|Any CPU.Build.0 = Release|Any CPU
		{FB7F0C79-1905-4240-8EDB-C4B4D9C35F52}.Release|Any CPU.Deploy.0 = Release|Any CPU
		{71C87439-618C-42D4-BB23-22905B54D47E}.Debug|Any CPU.ActiveCfg = Debug|Any CPU
		{71C87439-618C-42D4-BB23-22905B54D47E}.Debug|Any CPU.Build.0 = Debug|Any CPU
		{71C87439-618C-42D4-BB23-22905B54D47E}.Debug|Any CPU.Deploy.0 = Debug|Any CPU
		{71C87439-618C-42D4-BB23-22905B54D47E}.Release|Any CPU.ActiveCfg = Release|Any CPU
		{71C87439-618C-42D4-BB23-22905B54D47E}.Release|Any CPU.Build.0 = Release|Any CPU
		{71C87439-618C-42D4-BB23-22905B54D47E}.Release|Any CPU.Deploy.0 = Release|Any CPU
	EndGlobalSection
	GlobalSection(SolutionProperties) = preSolution
		HideSolutionNode = FALSE
	EndGlobalSection
	GlobalSection(ExtensibilityGlobals) = postSolution
		SolutionGuid = {732DF7CE-1890-4705-AEC7-91AB8B9034AC}
	EndGlobalSection
EndGlobal
